hash: 934f5401838e6e5465080e2d2303891b32747a4c334d00aafcacda5ec8c0a2fa
updated: 2018-06-04T10:07:24.568345+09:00
imports:
- name: github.com/h2non/gentleman
  version: b18ebfa8f3ea4d2f620e332d7a29e55647ae729e
  subpackages:
  - plugins/body
- name: github.com/kelseyhightower/envconfig
  version: 462fda1f11d8cad3660e52737b8beefd27acfb3f
- name: github.com/neovim/go-client
  version: 1c2696a88048c01a46c9c6be486ee0ded23beb91
  subpackages:
  - msgpack
  - msgpack/rpc
  - nvim
  - nvim/plugin
- name: github.com/NoahOrberg/nimvle.nvim
  version: 22923660e2a6f7cffa76b24c2f7e369779f5f67a
  subpackages:
  - nimvle
- name: golang.org/x/net
  version: f5dfe339be1d06f81b22525fe34671ee7d2c8904
  subpackages:
  - publicsuffix
- name: gopkg.in/h2non/gentleman.v2
  version: e0f81be2f4064ea7aa7470e9daddd2dc8e8152c7
  subpackages:
  - context
  - middleware
  - mux
  - plugin
  - plugins/body
  - plugins/bodytype
  - plugins/cookies
  - plugins/headers
  - plugins/multipart
  - plugins/query
  - plugins/url
  - utils
testImports:
- name: github.com/davecgh/go-spew
  version: 04cdfd42973bb9c8589fd6a731800cf222fde1a9
  subpackages:
  - spew
- name: github.com/k0kubun/pp
  version: e057ee7a28277be4d2af303443b6da377768181f
- name: github.com/mattn/go-colorable
  version: 7dc3415be66d7cc68bf0182f35c8d31f8d2ad8a7
- name: github.com/mattn/go-isatty
  version: 6ca4dbf54d38eea1a992b3c722a76a5d1c4cb25c
- name: github.com/pmezard/go-difflib
  version: d8ed2627bdf02c080bf22230dbb337003b7aba2d
  subpackages:
  - difflib
- name: github.com/stretchr/testify
  version: be8372ae8ec5c6daaed3cc28ebf73c54b737c240
  subpackages:
  - assert
  - require
- name: golang.org/x/sys
  version: 37707fdb30a5b38865cfb95e5aab41707daec7fd
  subpackages:
  - unix
